
Microsoft Visual Studio Solution File, Format Version 12.00
# Visual Studio Version 17
VisualStudioVersion = 17.13.35828.75 d17.13
MinimumVisualStudioVersion = 10.0.40219.1
Project("{FAE04EC0-301F-11D3-BF4B-00C04F79EFBC}") = "ClearingLogs", "ClearingLogs.csproj", "{2D445628-EEDB-4C1F-8258-51B18519B8CB}"
EndProject
Global
	GlobalSection(SolutionConfigurationPlatforms) = preSolution
		Debug|Any CPU = Debug|Any CPU
		Release|Any CPU = Release|Any CPU
	EndGlobalSection
	GlobalSection(ProjectConfigurationPlatforms) = postSolution
		{2D445628-EEDB-4C1F-8258-51B18519B8CB}.Debug|Any CPU.ActiveCfg = Debug|Any CPU
		{2D445628-EEDB-4C1F-8258-51B18519B8CB}.Debug|Any CPU.Build.0 = Debug|Any CPU
		{2D445628-EEDB-4C1F-8258-51B18519B8CB}.Release|Any CPU.ActiveCfg = Release|Any CPU
		{2D445628-EEDB-4C1F-8258-51B18519B8CB}.Release|Any CPU.Build.0 = Release|Any CPU
	EndGlobalSection
	GlobalSection(SolutionProperties) = preSolution
		HideSolutionNode = FALSE
	EndGlobalSection
	GlobalSection(ExtensibilityGlobals) = postSolution
		SolutionGuid = {082243B0-214A-4BC5-B3E4-1A791DA0B260}
	EndGlobalSection
EndGlobal
